
Microsoft Visual Studio Solution File, Format Version 12.00
# Visual Studio 15
VisualStudioVersion = 15.0.26730.16
MinimumVisualStudioVersion = 10.0.40219.1
Project("{FAE04EC0-301F-11D3-BF4B-00C04F79EFBC}") = "OrbisTitleMetadataDatabase", "OrbisTitleMetadataDatabase\OrbisTitleMetadataDatabase.csproj", "{21FCE657-74A4-4EA0-B6CE-D350E7938405}"
EndProject
Project("{8BC9CEB8-8B4A-11D0-8D11-00A0C91BC942}") = "libSceTitleMetadataDatabase", "libSceTitleMetadataDatabase\libSceTitleMetadataDatabase.vcxproj", "{F0096B38-1714-4026-B179-70E951A748B8}"
EndProject
Global
	GlobalSection(SolutionConfigurationPlatforms) = preSolution
		Debug|Any CPU = Debug|Any CPU
		Debug|x64 = Debug|x64
		Debug|x86 = Debug|x86
		Release|Any CPU = Release|Any CPU
		Release|x64 = Release|x64
		Release|x86 = Release|x86
	EndGlobalSection
	GlobalSection(ProjectConfigurationPlatforms) = postSolution
		{21FCE657-74A4-4EA0-B6CE-D350E7938405}.Debug|Any CPU.ActiveCfg = Debug|Any CPU
		{21FCE657-74A4-4EA0-B6CE-D350E7938405}.Debug|Any CPU.Build.0 = Debug|Any CPU
		{21FCE657-74A4-4EA0-B6CE-D350E7938405}.Debug|x64.ActiveCfg = Debug|Any CPU
		{21FCE657-74A4-4EA0-B6CE-D350E7938405}.Debug|x64.Build.0 = Debug|Any CPU
		{21FCE657-74A4-4EA0-B6CE-D350E7938405}.Debug|x86.ActiveCfg = Debug|Any CPU
		{21FCE657-74A4-4EA0-B6CE-D350E7938405}.Debug|x86.Build.0 = Debug|Any CPU
		{21FCE657-74A4-4EA0-B6CE-D350E7938405}.Release|Any CPU.ActiveCfg = Release|Any CPU
		{21FCE657-74A4-4EA0-B6CE-D350E7938405}.Release|Any CPU.Build.0 = Release|Any CPU
		{21FCE657-74A4-4EA0-B6CE-D350E7938405}.Release|x64.ActiveCfg = Release|Any CPU
		{21FCE657-74A4-4EA0-B6CE-D350E7938405}.Release|x64.Build.0 = Release|Any CPU
		{21FCE657-74A4-4EA0-B6CE-D350E7938405}.Release|x86.ActiveCfg = Release|Any CPU
		{21FCE657-74A4-4EA0-B6CE-D350E7938405}.Release|x86.Build.0 = Release|Any CPU
		{F0096B38-1714-4026-B179-70E951A748B8}.Debug|Any CPU.ActiveCfg = Debug|Win32
		{F0096B38-1714-4026-B179-70E951A748B8}.Debug|x64.ActiveCfg = Debug|x64
		{F0096B38-1714-4026-B179-70E951A748B8}.Debug|x64.Build.0 = Debug|x64
		{F0096B38-1714-4026-B179-70E951A748B8}.Debug|x86.ActiveCfg = Debug|Win32
		{F0096B38-1714-4026-B179-70E951A748B8}.Debug|x86.Build.0 = Debug|Win32
		{F0096B38-1714-4026-B179-70E951A748B8}.Release|Any CPU.ActiveCfg = Release|Win32
		{F0096B38-1714-4026-B179-70E951A748B8}.Release|x64.ActiveCfg = Release|x64
		{F0096B38-1714-4026-B179-70E951A748B8}.Release|x64.Build.0 = Release|x64
		{F0096B38-1714-4026-B179-70E951A748B8}.Release|x86.ActiveCfg = Release|Win32
		{F0096B38-1714-4026-B179-70E951A748B8}.Release|x86.Build.0 = Release|Win32
	EndGlobalSection
	GlobalSection(SolutionProperties) = preSolution
		HideSolutionNode = FALSE
	EndGlobalSection
	GlobalSection(ExtensibilityGlobals) = postSolution
		SolutionGuid = {73130622-C928-4E31-9A6A-4952D48608D0}
	EndGlobalSection
EndGlobal
